<?xml version="1.0" encoding="utf-8"?>
<Project ToolsVersion="4.0" xmlns="http://schemas.microsoft.com/developer/msbuild/2003">
  <ItemGroup>
    <Filter Include="Source Files">
      <UniqueIdentifier>{ac783a6b-cd7b-40f2-b465-4806a20de8f8}</UniqueIdentifier>
      <Extensions>cpp;c;cxx;rc;def;r;odl;idl;hpj;bat</Extensions>
    </Filter>
    <Filter Include="Header Files">
      <UniqueIdentifier>{2da231a7-efd6-4e9a-ba1c-cb34e8f72271}</UniqueIdentifier>
      <Extensions>h;hpp;hxx;hm;inl</Extensions>
    </Filter>
    <Filter Include="Resource Files">
      <UniqueIdentifier>{280a00cf-9813-4cdc-91ea-20fe0275b6ca}</UniqueIdentifier>
      <Extensions>ico;cur;bmp;dlg;rc2;rct;bin;cnt;rtf;gif;jpg;jpeg;jpe</Extensions>
    </Filter>
  </ItemGroup>
  <ItemGroup>
    <ClCompile Include="BankJiaoyi.cpp">
      <Filter>Source Files</Filter>
    </ClCompile>
    <ClCompile Include="BeijingIntroDlg.cpp">
      <Filter>Source Files</Filter>
    </ClCompile>
    <ClCompile Include="BitmapPicture.cpp">
      <Filter>Source Files</Filter>
    </ClCompile>
    <ClCompile Include="BossComeDlg.cpp">
      <Filter>Source Files</Filter>
    </ClCompile>
    <ClCompile Include="BtnST.cpp">
      <Filter>Source Files</Filter>
    </ClCompile>
    <ClCompile Include="BuyDlg.cpp">
      <Filter>Source Files</Filter>
    </ClCompile>
    <ClCompile Include="Curvefit.cpp">
      <Filter>Source Files</Filter>
    </ClCompile>
    <ClCompile Include="Digistring.cpp">
      <Filter>Source Files</Filter>
    </ClCompile>
    <ClCompile Include="DualListDemo.cpp">
      <Filter>Source Files</Filter>
    </ClCompile>
    <ClCompile Include="DualListDemoDlg.cpp">
      <Filter>Source Files</Filter>
    </ClCompile>
    <ClCompile Include="EnterBank.cpp">
      <Filter>Source Files</Filter>
    </ClCompile>
    <ClCompile Include="Hispital.cpp">
      <Filter>Source Files</Filter>
    </ClCompile>
    <ClCompile Include="HouseDlg.cpp">
      <Filter>Source Files</Filter>
    </ClCompile>
    <ClCompile Include="HyperLink.cpp">
      <Filter>Source Files</Filter>
    </ClCompile>
    <ClCompile Include="ListCtrlSortClass.cpp">
      <Filter>Source Files</Filter>
    </ClCompile>
    <ClCompile Include="NetworkClub.cpp">
      <Filter>Source Files</Filter>
    </ClCompile>
    <ClCompile Include="NewsDlg.cpp">
      <Filter>Source Files</Filter>
    </ClCompile>
    <ClCompile Include="PostMoneyDlg.cpp">
      <Filter>Source Files</Filter>
    </ClCompile>
    <ClCompile Include="ReplayLoad.cpp">
      <Filter>Source Files</Filter>
    </ClCompile>
    <ClCompile Include="RichTop10.cpp">
      <Filter>Source Files</Filter>
    </ClCompile>
    <ClCompile Include="RijiDlg.cpp">
      <Filter>Source Files</Filter>
    </ClCompile>
    <ClCompile Include="SelectionDlg.cpp">
      <Filter>Source Files</Filter>
    </ClCompile>
    <ClCompile Include="SellDlg.cpp">
      <Filter>Source Files</Filter>
    </ClCompile>
    <ClCompile Include="SetUpGame.cpp">
      <Filter>Source Files</Filter>
    </ClCompile>
    <ClCompile Include="ShengmingDlg.cpp">
      <Filter>Source Files</Filter>
    </ClCompile>
    <ClCompile Include="StaticCounter.cpp">
      <Filter>Source Files</Filter>
    </ClCompile>
    <ClCompile Include="StdAfx.cpp">
      <Filter>Source Files</Filter>
    </ClCompile>
    <ClCompile Include="StoryDlg.cpp">
      <Filter>Source Files</Filter>
    </ClCompile>
    <ClCompile Include="Ticker.cpp">
      <Filter>Source Files</Filter>
    </ClCompile>
    <ClCompile Include="TipDlg.cpp">
      <Filter>Source Files</Filter>
    </ClCompile>
    <ClCompile Include="TopPlayerDlg.cpp">
      <Filter>Source Files</Filter>
    </ClCompile>
    <ClCompile Include="Wangba.cpp">
      <Filter>Source Files</Filter>
    </ClCompile>
  </ItemGroup>
  <ItemGroup>
    <ResourceCompile Include="DualListDemo.rc">
      <Filter>Source Files</Filter>
    </ResourceCompile>
  </ItemGroup>
  <ItemGroup>
    <ClInclude Include="BankJiaoyi.h">
      <Filter>Header Files</Filter>
    </ClInclude>
    <ClInclude Include="BeijingIntroDlg.h">
      <Filter>Header Files</Filter>
    </ClInclude>
    <ClInclude Include="BossComeDlg.h">
      <Filter>Header Files</Filter>
    </ClInclude>
    <ClInclude Include="BuyDlg.h">
      <Filter>Header Files</Filter>
    </ClInclude>
    <ClInclude Include="DualListDemo.h">
      <Filter>Header Files</Filter>
    </ClInclude>
    <ClInclude Include="DualListDemoDlg.h">
      <Filter>Header Files</Filter>
    </ClInclude>
    <ClInclude Include="EnterBank.h">
      <Filter>Header Files</Filter>
    </ClInclude>
    <ClInclude Include="Hispital.h">
      <Filter>Header Files</Filter>
    </ClInclude>
    <ClInclude Include="HouseDlg.h">
      <Filter>Header Files</Filter>
    </ClInclude>
    <ClInclude Include="ListCtrlSortClass.h">
      <Filter>Header Files</Filter>
    </ClInclude>
    <ClInclude Include="NetworkClub.h">
      <Filter>Header Files</Filter>
    </ClInclude>
    <ClInclude Include="NewsDlg.h">
      <Filter>Header Files</Filter>
    </ClInclude>
    <ClInclude Include="PostMoneyDlg.h">
      <Filter>Header Files</Filter>
    </ClInclude>
    <ClInclude Include="ReplayLoad.h">
      <Filter>Header Files</Filter>
    </ClInclude>
    <ClInclude Include="Resource.h">
      <Filter>Header Files</Filter>
    </ClInclude>
    <ClInclude Include="RichTop10.h">
      <Filter>Header Files</Filter>
    </ClInclude>
    <ClInclude Include="RijiDlg.h">
      <Filter>Header Files</Filter>
    </ClInclude>
    <ClInclude Include="SelectionDlg.h">
      <Filter>Header Files</Filter>
    </ClInclude>
    <ClInclude Include="SetUpGame.h">
      <Filter>Header Files</Filter>
    </ClInclude>
    <ClInclude Include="ShengmingDlg.h">
      <Filter>Header Files</Filter>
    </ClInclude>
    <ClInclude Include="StdAfx.h">
      <Filter>Header Files</Filter>
    </ClInclude>
    <ClInclude Include="StoryDlg.h">
      <Filter>Header Files</Filter>
    </ClInclude>
    <ClInclude Include="TopPlayerDlg.h">
      <Filter>Header Files</Filter>
    </ClInclude>
    <ClInclude Include="Wangba.h">
      <Filter>Header Files</Filter>
    </ClInclude>
  </ItemGroup>
  <ItemGroup>
    <Image Include="res\32x32x256_Hand.ico">
      <Filter>Resource Files</Filter>
    </Image>
    <Image Include="res\32x32x256_Lamp.ico">
      <Filter>Resource Files</Filter>
    </Image>
    <Image Include="res\bg.bmp">
      <Filter>Resource Files</Filter>
    </Image>
    <Image Include="res\cover.bmp">
      <Filter>Resource Files</Filter>
    </Image>
    <Image Include="res\DualListDemo.ico">
      <Filter>Resource Files</Filter>
    </Image>
    <Image Include="email.bmp">
      <Filter>Resource Files</Filter>
    </Image>
    <Image Include="res\game1.bmp">
      <Filter>Resource Files</Filter>
    </Image>
    <Image Include="res\hand3.ico">
      <Filter>Resource Files</Filter>
    </Image>
    <Image Include="res\hand4.ico">
      <Filter>Resource Files</Filter>
    </Image>
    <Image Include="res\hand5.ico">
      <Filter>Resource Files</Filter>
    </Image>
    <Image Include="res\hand6.ico">
      <Filter>Resource Files</Filter>
    </Image>
    <Image Include="res\hand7.ico">
      <Filter>Resource Files</Filter>
    </Image>
    <Image Include="res\hand8.ico">
      <Filter>Resource Files</Filter>
    </Image>
    <Image Include="res\hand9.ico">
      <Filter>Resource Files</Filter>
    </Image>
    <Image Include="res\ico00001.ico">
      <Filter>Resource Files</Filter>
    </Image>
    <Image Include="res\ico00002.ico">
      <Filter>Resource Files</Filter>
    </Image>
    <Image Include="res\ico00003.ico">
      <Filter>Resource Files</Filter>
    </Image>
    <Image Include="res\icon1.ico">
      <Filter>Resource Files</Filter>
    </Image>
    <Image Include="res\litebulb.bmp">
      <Filter>Resource Files</Filter>
    </Image>
    <Image Include="res\logo.bmp">
      <Filter>Resource Files</Filter>
    </Image>
    <Image Include="res\mid1.bmp">
      <Filter>Resource Files</Filter>
    </Image>
    <Image Include="res\mid2.bmp">
      <Filter>Resource Files</Filter>
    </Image>
    <Image Include="res\mid3.bmp">
      <Filter>Resource Files</Filter>
    </Image>
    <Image Include="res\mid4.bmp">
      <Filter>Resource Files</Filter>
    </Image>
    <Image Include="news.bmp">
      <Filter>Resource Files</Filter>
    </Image>
    <Image Include="riji.bmp">
      <Filter>Resource Files</Filter>
    </Image>
    <Image Include="res\subway.bmp">
      <Filter>Resource Files</Filter>
    </Image>
    <Image Include="res\tickerbkg2.bmp">
      <Filter>Resource Files</Filter>
    </Image>
    <Image Include="res\TickerDragBar.bmp">
      <Filter>Resource Files</Filter>
    </Image>
    <Image Include="res\top1.bmp">
      <Filter>Resource Files</Filter>
    </Image>
    <Image Include="res\top2.bmp">
      <Filter>Resource Files</Filter>
    </Image>
    <Image Include="res\top3.bmp">
      <Filter>Resource Files</Filter>
    </Image>
    <Image Include="res\top4.bmp">
      <Filter>Resource Files</Filter>
    </Image>
  </ItemGroup>
  <ItemGroup>
    <Text Include="ReadMe.txt" />
  </ItemGroup>
  <ItemGroup>
    <CustomBuild Include="res\DualListDemo.rc2">
      <Filter>Resource Files</Filter>
    </CustomBuild>
    <CustomBuild Include="res\html_source.html.htm" />
  </ItemGroup>
</Project>